
Microsoft Visual Studio Solution File, Format Version 12.00
# Visual Studio 15
VisualStudioVersion = 15.0.27703.2026
MinimumVisualStudioVersion = 10.0.40219.1
Project("{9A19103F-16F7-4668-BE54-9A1E7A4F7556}") = "ProductMsg", "ProductMsg\ProductMsg.csproj", "{87E168B0-C383-44D5-91C8-DACD661674BD}"
EndProject
Project("{9A19103F-16F7-4668-BE54-9A1E7A4F7556}") = "ConsumeMsg", "ConsumeMsg\ConsumeMsg.csproj", "{4CD18C71-0F76-4581-BD34-1C31726530D9}"
EndProject
Project("{FAE04EC0-301F-11D3-BF4B-00C04F79EFBC}") = "Lib", "Lib\Lib.csproj", "{B98FBD07-B9A1-45EB-8293-3799B4893D2E}"
EndProject
Global
	GlobalSection(SolutionConfigurationPlatforms) = preSolution
		Debug|Any CPU = Debug|Any CPU
		Release|Any CPU = Release|Any CPU
	EndGlobalSection
	GlobalSection(ProjectConfigurationPlatforms) = postSolution
		{87E168B0-C383-44D5-91C8-DACD661674BD}.Debug|Any CPU.ActiveCfg = Debug|Any CPU
		{87E168B0-C383-44D5-91C8-DACD661674BD}.Debug|Any CPU.Build.0 = Debug|Any CPU
		{87E168B0-C383-44D5-91C8-DACD661674BD}.Release|Any CPU.ActiveCfg = Release|Any CPU
		{87E168B0-C383-44D5-91C8-DACD661674BD}.Release|Any CPU.Build.0 = Release|Any CPU
		{4CD18C71-0F76-4581-BD34-1C31726530D9}.Debug|Any CPU.ActiveCfg = Debug|Any CPU
		{4CD18C71-0F76-4581-BD34-1C31726530D9}.Debug|Any CPU.Build.0 = Debug|Any CPU
		{4CD18C71-0F76-4581-BD34-1C31726530D9}.Release|Any CPU.ActiveCfg = Release|Any CPU
		{4CD18C71-0F76-4581-BD34-1C31726530D9}.Release|Any CPU.Build.0 = Release|Any CPU
		{B98FBD07-B9A1-45EB-8293-3799B4893D2E}.Debug|Any CPU.ActiveCfg = Debug|Any CPU
		{B98FBD07-B9A1-45EB-8293-3799B4893D2E}.Debug|Any CPU.Build.0 = Debug|Any CPU
		{B98FBD07-B9A1-45EB-8293-3799B4893D2E}.Release|Any CPU.ActiveCfg = Release|Any CPU
		{B98FBD07-B9A1-45EB-8293-3799B4893D2E}.Release|Any CPU.Build.0 = Release|Any CPU
	EndGlobalSection
	GlobalSection(SolutionProperties) = preSolution
		HideSolutionNode = FALSE
	EndGlobalSection
	GlobalSection(ExtensibilityGlobals) = postSolution
		SolutionGuid = {09D9E013-01F4-40ED-AB96-D16D74DFB453}
	EndGlobalSection
EndGlobal
